
Microsoft Visual Studio Solution File, Format Version 12.00
# Visual Studio Version 17
VisualStudioVersion = 17.7.34018.315
MinimumVisualStudioVersion = 10.0.40219.1
Project("{FAE04EC0-301F-11D3-BF4B-00C04F79EFBC}") = "Eremka77", "Eremka77.csproj", "{7EE69490-7584-40C4-B9AA-04E25226BA72}"
EndProject
Global
	GlobalSection(SolutionConfigurationPlatforms) = preSolution
		Debug|Any CPU = Debug|Any CPU
		Release|Any CPU = Release|Any CPU
	EndGlobalSection
	GlobalSection(ProjectConfigurationPlatforms) = postSolution
		{7EE69490-7584-40C4-B9AA-04E25226BA72}.Debug|Any CPU.ActiveCfg = Debug|Any CPU
		{7EE69490-7584-40C4-B9AA-04E25226BA72}.Debug|Any CPU.Build.0 = Debug|Any CPU
		{7EE69490-7584-40C4-B9AA-04E25226BA72}.Release|Any CPU.ActiveCfg = Release|Any CPU
		{7EE69490-7584-40C4-B9AA-04E25226BA72}.Release|Any CPU.Build.0 = Release|Any CPU
	EndGlobalSection
	GlobalSection(SolutionProperties) = preSolution
		HideSolutionNode = FALSE
	EndGlobalSection
	GlobalSection(ExtensibilityGlobals) = postSolution
		SolutionGuid = {C0C74B6E-81B6-47CC-8CB6-76401547DB70}
	EndGlobalSection
EndGlobal
